
Microsoft Visual Studio Solution File, Format Version 12.00
# Visual Studio Version 16
VisualStudioVersion = 16.0.31605.320
MinimumVisualStudioVersion = 10.0.40219.1
Project("{FAE04EC0-301F-11D3-BF4B-00C04F79EFBC}") = "UnitTesting", "UnitTesting\UnitTesting.csproj", "{DB037AF7-506D-47C1-ACE5-A4BB7EAA26BD}"
EndProject
Project("{FAE04EC0-301F-11D3-BF4B-00C04F79EFBC}") = "UnitTesting.Tests", "UnitTesting.Tests\UnitTesting.Tests.csproj", "{F865520F-2536-4566-B6FA-C062F2781474}"
EndProject
Project("{FAE04EC0-301F-11D3-BF4B-00C04F79EFBC}") = "ShoppingCartLibrary", "ShoppingCartLibrary\ShoppingCartLibrary.csproj", "{29FC2B84-C818-47AC-BAFA-896FBA233B3B}"
EndProject
Project("{FAE04EC0-301F-11D3-BF4B-00C04F79EFBC}") = "ShoppingCartLibrary.Tests", "ShoppingCartLibrary.Tests\ShoppingCartLibrary.Tests.csproj", "{5CD08488-CAA2-42BC-95DE-E5FE7C752169}"
EndProject
Project("{FAE04EC0-301F-11D3-BF4B-00C04F79EFBC}") = "AssertSamples", "AssertSamples\AssertSamples.csproj", "{676BCCC2-D925-4AAA-9055-4B1D40E239FA}"
EndProject
Project("{FAE04EC0-301F-11D3-BF4B-00C04F79EFBC}") = "AssertSamples.Tests2", "AssertSamples.Tests2\AssertSamples.Tests2.csproj", "{375FC117-5655-4D12-9BF5-A0CD60AC89CC}"
EndProject
Global
	GlobalSection(SolutionConfigurationPlatforms) = preSolution
		Debug|Any CPU = Debug|Any CPU
		Release|Any CPU = Release|Any CPU
	EndGlobalSection
	GlobalSection(ProjectConfigurationPlatforms) = postSolution
		{DB037AF7-506D-47C1-ACE5-A4BB7EAA26BD}.Debug|Any CPU.ActiveCfg = Debug|Any CPU
		{DB037AF7-506D-47C1-ACE5-A4BB7EAA26BD}.Debug|Any CPU.Build.0 = Debug|Any CPU
		{DB037AF7-506D-47C1-ACE5-A4BB7EAA26BD}.Release|Any CPU.ActiveCfg = Release|Any CPU
		{DB037AF7-506D-47C1-ACE5-A4BB7EAA26BD}.Release|Any CPU.Build.0 = Release|Any CPU
		{F865520F-2536-4566-B6FA-C062F2781474}.Debug|Any CPU.ActiveCfg = Debug|Any CPU
		{F865520F-2536-4566-B6FA-C062F2781474}.Debug|Any CPU.Build.0 = Debug|Any CPU
		{F865520F-2536-4566-B6FA-C062F2781474}.Release|Any CPU.ActiveCfg = Release|Any CPU
		{F865520F-2536-4566-B6FA-C062F2781474}.Release|Any CPU.Build.0 = Release|Any CPU
		{29FC2B84-C818-47AC-BAFA-896FBA233B3B}.Debug|Any CPU.ActiveCfg = Debug|Any CPU
		{29FC2B84-C818-47AC-BAFA-896FBA233B3B}.Debug|Any CPU.Build.0 = Debug|Any CPU
		{29FC2B84-C818-47AC-BAFA-896FBA233B3B}.Release|Any CPU.ActiveCfg = Release|Any CPU
		{29FC2B84-C818-47AC-BAFA-896FBA233B3B}.Release|Any CPU.Build.0 = Release|Any CPU
		{5CD08488-CAA2-42BC-95DE-E5FE7C752169}.Debug|Any CPU.ActiveCfg = Debug|Any CPU
		{5CD08488-CAA2-42BC-95DE-E5FE7C752169}.Debug|Any CPU.Build.0 = Debug|Any CPU
		{5CD08488-CAA2-42BC-95DE-E5FE7C752169}.Release|Any CPU.ActiveCfg = Release|Any CPU
		{5CD08488-CAA2-42BC-95DE-E5FE7C752169}.Release|Any CPU.Build.0 = Release|Any CPU
		{676BCCC2-D925-4AAA-9055-4B1D40E239FA}.Debug|Any CPU.ActiveCfg = Debug|Any CPU
		{676BCCC2-D925-4AAA-9055-4B1D40E239FA}.Debug|Any CPU.Build.0 = Debug|Any CPU
		{676BCCC2-D925-4AAA-9055-4B1D40E239FA}.Release|Any CPU.ActiveCfg = Release|Any CPU
		{676BCCC2-D925-4AAA-9055-4B1D40E239FA}.Release|Any CPU.Build.0 = Release|Any CPU
		{375FC117-5655-4D12-9BF5-A0CD60AC89CC}.Debug|Any CPU.ActiveCfg = Debug|Any CPU
		{375FC117-5655-4D12-9BF5-A0CD60AC89CC}.Debug|Any CPU.Build.0 = Debug|Any CPU
		{375FC117-5655-4D12-9BF5-A0CD60AC89CC}.Release|Any CPU.ActiveCfg = Release|Any CPU
		{375FC117-5655-4D12-9BF5-A0CD60AC89CC}.Release|Any CPU.Build.0 = Release|Any CPU
	EndGlobalSection
	GlobalSection(SolutionProperties) = preSolution
		HideSolutionNode = FALSE
	EndGlobalSection
	GlobalSection(ExtensibilityGlobals) = postSolution
		SolutionGuid = {1B2242E2-CAE4-45AD-A33F-BC8CE7BE5DD3}
	EndGlobalSection
EndGlobal
